// !$*UTF8*$!
{
	archiveVersion = 1;
	classes = {
	};
	objectVersion = 55;
	objects = {

/* Begin PBXBuildFile section */
		501B048D2754A1BB0077C8FB /* RS1.swift in Sources */ = {isa = PBXBuildFile; fileRef = 501B048C2754A1BB0077C8FB /* RS1.swift */; };
		501B048F2754AE450077C8FB /* RS2.swift in Sources */ = {isa = PBXBuildFile; fileRef = 501B048E2754AE450077C8FB /* RS2.swift */; };
		501B04962754D2F50077C8FB /* RS3.swift in Sources */ = {isa = PBXBuildFile; fileRef = 501B04952754D2F50077C8FB /* RS3.swift */; };
		501B04982754DF100077C8FB /* RS4.swift in Sources */ = {isa = PBXBuildFile; fileRef = 501B04972754DF100077C8FB /* RS4.swift */; };
		501B049A2754DFAC0077C8FB /* DicCounter.swift in Sources */ = {isa = PBXBuildFile; fileRef = 501B04992754DFAC0077C8FB /* DicCounter.swift */; };
		501B049C2754E8180077C8FB /* RS5.swift in Sources */ = {isa = PBXBuildFile; fileRef = 501B049B2754E8180077C8FB /* RS5.swift */; };
		501B049E2754F9680077C8FB /* RS6.swift in Sources */ = {isa = PBXBuildFile; fileRef = 501B049D2754F9680077C8FB /* RS6.swift */; };
		501B04A0275503040077C8FB /* RS7.swift in Sources */ = {isa = PBXBuildFile; fileRef = 501B049F275503040077C8FB /* RS7.swift */; };
		5036504D27546B56007B4B72 /* DictionaryBuilder.swift in Sources */ = {isa = PBXBuildFile; fileRef = 5036504C27546B56007B4B72 /* DictionaryBuilder.swift */; };
		50572E8D294C1DD7004BC0C6 /* Hooker.m in Sources */ = {isa = PBXBuildFile; fileRef = 50572E8C294C1DD7004BC0C6 /* Hooker.m */; };
		506CB6E527537ABE00CF2A6E /* GitRepoResult.swift in Sources */ = {isa = PBXBuildFile; fileRef = 506CB6E427537ABE00CF2A6E /* GitRepoResult.swift */; };
		506CB6E827537F9F00CF2A6E /* RSProtocol.swift.swift in Sources */ = {isa = PBXBuildFile; fileRef = 506CB6E727537F9F00CF2A6E /* RSProtocol.swift.swift */; };
		5070B09127572A1400D23A75 /* CommitFilterSheet.swift in Sources */ = {isa = PBXBuildFile; fileRef = 5070B09027572A1400D23A75 /* CommitFilterSheet.swift */; };
		5070B09327572C4E00D23A75 /* CommitFilter.swift in Sources */ = {isa = PBXBuildFile; fileRef = 5070B09227572C4E00D23A75 /* CommitFilter.swift */; };
		50720BEA2B2A2120004A2B8D /* ColorfulX in Frameworks */ = {isa = PBXBuildFile; productRef = 50720BE92B2A2120004A2B8D /* ColorfulX */; };
		50742544275BAE3B006B5354 /* User.swift in Sources */ = {isa = PBXBuildFile; fileRef = 50742543275BAE3B006B5354 /* User.swift */; };
		50742548275BB0E4006B5354 /* UserDefault.swift.swift in Sources */ = {isa = PBXBuildFile; fileRef = 50742547275BB0E4006B5354 /* UserDefault.swift.swift */; };
		507528EA2753510B001F373E /* GitLog.swift in Sources */ = {isa = PBXBuildFile; fileRef = 507528E92753510B001F373E /* GitLog.swift */; };
		507528EE27535BE2001F373E /* GitDiff.swift in Sources */ = {isa = PBXBuildFile; fileRef = 507528ED27535BE2001F373E /* GitDiff.swift */; };
		507528F027535C23001F373E /* SourceLanguage.swift in Sources */ = {isa = PBXBuildFile; fileRef = 507528EF27535C23001F373E /* SourceLanguage.swift */; };
		50802D642D1133EC00694021 /* ColorfulX in Frameworks */ = {isa = PBXBuildFile; productRef = 50802D632D1133EC00694021 /* ColorfulX */; };
		50802D672D1133F600694021 /* AuxiliaryExecute in Frameworks */ = {isa = PBXBuildFile; productRef = 50802D662D1133F600694021 /* AuxiliaryExecute */; };
		50802D6A2D11343E00694021 /* OctoKit in Frameworks */ = {isa = PBXBuildFile; productRef = 50802D692D11343E00694021 /* OctoKit */; };
		50802D6C2D11347E00694021 /* main.swift in Sources */ = {isa = PBXBuildFile; fileRef = 50802D6B2D11347E00694021 /* main.swift */; };
		50802D6F2D1135BF00694021 /* MarkdownUI in Frameworks */ = {isa = PBXBuildFile; productRef = 50802D6E2D1135BF00694021 /* MarkdownUI */; };
		50802D712D11379100694021 /* Localizable.xcstrings in Resources */ = {isa = PBXBuildFile; fileRef = 50802D702D11379100694021 /* Localizable.xcstrings */; };
		50802D732D11379600694021 /* InfoPlist.xcstrings in Resources */ = {isa = PBXBuildFile; fileRef = 50802D722D11379600694021 /* InfoPlist.xcstrings */; };
		50802D752D1147B800694021 /* Avatar.png in Resources */ = {isa = PBXBuildFile; fileRef = 50802D742D1147B800694021 /* Avatar.png */; };
		5083A0BA275279A900BDF048 /* ConfigEmailSheet.swift in Sources */ = {isa = PBXBuildFile; fileRef = 5083A0B9275279A900BDF048 /* ConfigEmailSheet.swift */; };
		5085BA542D11645B00A35814 /* GitBuild in Resources */ = {isa = PBXBuildFile; fileRef = 5085BA532D11645800A35814 /* GitBuild */; };
		509071382752123A002D2C14 /* OctoKit in Frameworks */ = {isa = PBXBuildFile; productRef = 509071372752123A002D2C14 /* OctoKit */; };
		5090713B275223DF002D2C14 /* GitLabApi.swift in Sources */ = {isa = PBXBuildFile; fileRef = 5090713A275223DF002D2C14 /* GitLabApi.swift */; };
		5090713D27523242002D2C14 /* SourcePackage.swift.swift in Sources */ = {isa = PBXBuildFile; fileRef = 5090713C27523242002D2C14 /* SourcePackage.swift.swift */; };
		509071402752337C002D2C14 /* NavigatorView.swift in Sources */ = {isa = PBXBuildFile; fileRef = 5090713F2752337C002D2C14 /* NavigatorView.swift */; };
		50907142275233A7002D2C14 /* ResultPackage.swift in Sources */ = {isa = PBXBuildFile; fileRef = 50907141275233A7002D2C14 /* ResultPackage.swift */; };
		50907144275233FE002D2C14 /* ResultView.swift in Sources */ = {isa = PBXBuildFile; fileRef = 50907143275233FE002D2C14 /* ResultView.swift */; };
		509071462752340B002D2C14 /* AnalysisView.swift in Sources */ = {isa = PBXBuildFile; fileRef = 509071452752340B002D2C14 /* AnalysisView.swift */; };
		5090714827523992002D2C14 /* AuxiliaryExecute.swift in Sources */ = {isa = PBXBuildFile; fileRef = 5090714727523992002D2C14 /* AuxiliaryExecute.swift */; };
		50907160275252A0002D2C14 /* RepoAnalyser.swift in Sources */ = {isa = PBXBuildFile; fileRef = 5090715F275252A0002D2C14 /* RepoAnalyser.swift */; };
		50A8C3F52751143A00C545BC /* TextTypeEffectView.swift in Sources */ = {isa = PBXBuildFile; fileRef = 50A8C3F42751143A00C545BC /* TextTypeEffectView.swift */; };
		50A8C3F92751222900C545BC /* MainSheet.swift in Sources */ = {isa = PBXBuildFile; fileRef = 50A8C3F82751222900C545BC /* MainSheet.swift */; };
		50A8C3FB2751240C00C545BC /* SheetTemplate.swift in Sources */ = {isa = PBXBuildFile; fileRef = 50A8C3FA2751240C00C545BC /* SheetTemplate.swift */; };
		50B18D972753B29C00293163 /* CodeTiles.swift in Sources */ = {isa = PBXBuildFile; fileRef = 50B18D962753B29C00293163 /* CodeTiles.swift */; };
		50B18D992753B3AD00293163 /* RS0.swift in Sources */ = {isa = PBXBuildFile; fileRef = 50B18D982753B3AD00293163 /* RS0.swift */; };
		50BAB6D7275A446E00409089 /* BitbucketApi.swift in Sources */ = {isa = PBXBuildFile; fileRef = 50BAB6D6275A446E00409089 /* BitbucketApi.swift */; };
		50BAB6D9275A44C700409089 /* BitbucketSheet.swift in Sources */ = {isa = PBXBuildFile; fileRef = 50BAB6D8275A44C700409089 /* BitbucketSheet.swift */; };
		50DC0FCF2755DA320014E94E /* RS8.swift in Sources */ = {isa = PBXBuildFile; fileRef = 50DC0FCE2755DA320014E94E /* RS8.swift */; };
		50DF1108275674F2003FF552 /* sha256sum.swift in Sources */ = {isa = PBXBuildFile; fileRef = 50DF1107275674F2003FF552 /* sha256sum.swift */; };
		50E3A98F27512D88003CBE07 /* Exts.swift in Sources */ = {isa = PBXBuildFile; fileRef = 50E3A98E27512D88003CBE07 /* Exts.swift */; };
		50E3A99227513266003CBE07 /* PickSourceSheet.swift in Sources */ = {isa = PBXBuildFile; fileRef = 50E3A99127513266003CBE07 /* PickSourceSheet.swift */; };
		50E3A99427513279003CBE07 /* LocalRepoSheet.swift in Sources */ = {isa = PBXBuildFile; fileRef = 50E3A99327513279003CBE07 /* LocalRepoSheet.swift */; };
		50E3A996275132C7003CBE07 /* GitHubRepoSheet.swift in Sources */ = {isa = PBXBuildFile; fileRef = 50E3A995275132C7003CBE07 /* GitHubRepoSheet.swift */; };
		50E3A998275132CF003CBE07 /* GitLabRepoSheet.swift in Sources */ = {isa = PBXBuildFile; fileRef = 50E3A997275132CF003CBE07 /* GitLabRepoSheet.swift */; };
		50E3A99A2751331B003CBE07 /* SourceRegister.swift in Sources */ = {isa = PBXBuildFile; fileRef = 50E3A9992751331B003CBE07 /* SourceRegister.swift */; };
		50E5007F275C7C33003E6C9A /* GitHubApi.swift in Sources */ = {isa = PBXBuildFile; fileRef = 50E5007E275C7C33003E6C9A /* GitHubApi.swift */; };
		50E50081275C7C84003E6C9A /* ApiProtocol.swift in Sources */ = {isa = PBXBuildFile; fileRef = 50E50080275C7C84003E6C9A /* ApiProtocol.swift */; };
		50EA933E278C09570059EF8B /* AuxiliaryExecute in Frameworks */ = {isa = PBXBuildFile; productRef = 50EA933D278C09570059EF8B /* AuxiliaryExecute */; };
		50EB62BB275508E700F6E6FF /* ThanksView.swift in Sources */ = {isa = PBXBuildFile; fileRef = 50EB62BA275508E700F6E6FF /* ThanksView.swift */; };
		50FD1005275101D80090EAFB /* App.swift in Sources */ = {isa = PBXBuildFile; fileRef = 50FD1004275101D80090EAFB /* App.swift */; };
		50FD1007275101D80090EAFB /* MainView.swift in Sources */ = {isa = PBXBuildFile; fileRef = 50FD1006275101D80090EAFB /* MainView.swift */; };
		50FD1009275101D90090EAFB /* Assets.xcassets in Resources */ = {isa = PBXBuildFile; fileRef = 50FD1008275101D90090EAFB /* Assets.xcassets */; };
		FAA2B69127529057008A21E8 /* TextIncrementEffectView.swift in Sources */ = {isa = PBXBuildFile; fileRef = FAA2B69027529057008A21E8 /* TextIncrementEffectView.swift */; };
/* End PBXBuildFile section */

/* Begin PBXFileReference section */
		501B048C2754A1BB0077C8FB /* RS1.swift */ = {isa = PBXFileReference; lastKnownFileType = sourcecode.swift; path = RS1.swift; sourceTree = "<group>"; };
		501B048E2754AE450077C8FB /* RS2.swift */ = {isa = PBXFileReference; lastKnownFileType = sourcecode.swift; path = RS2.swift; sourceTree = "<group>"; };
		501B04952754D2F50077C8FB /* RS3.swift */ = {isa = PBXFileReference; lastKnownFileType = sourcecode.swift; path = RS3.swift; sourceTree = "<group>"; };
		501B04972754DF100077C8FB /* RS4.swift */ = {isa = PBXFileReference; lastKnownFileType = sourcecode.swift; path = RS4.swift; sourceTree = "<group>"; };
		501B04992754DFAC0077C8FB /* DicCounter.swift */ = {isa = PBXFileReference; lastKnownFileType = sourcecode.swift; path = DicCounter.swift; sourceTree = "<group>"; };
		501B049B2754E8180077C8FB /* RS5.swift */ = {isa = PBXFileReference; lastKnownFileType = sourcecode.swift; path = RS5.swift; sourceTree = "<group>"; };
		501B049D2754F9680077C8FB /* RS6.swift */ = {isa = PBXFileReference; lastKnownFileType = sourcecode.swift; path = RS6.swift; sourceTree = "<group>"; };
		501B049F275503040077C8FB /* RS7.swift */ = {isa = PBXFileReference; lastKnownFileType = sourcecode.swift; path = RS7.swift; sourceTree = "<group>"; };
		5036504C27546B56007B4B72 /* DictionaryBuilder.swift */ = {isa = PBXFileReference; lastKnownFileType = sourcecode.swift; path = DictionaryBuilder.swift; sourceTree = "<group>"; };
		50572E8C294C1DD7004BC0C6 /* Hooker.m */ = {isa = PBXFileReference; lastKnownFileType = sourcecode.c.objc; path = Hooker.m; sourceTree = "<group>"; };
		506CB6E427537ABE00CF2A6E /* GitRepoResult.swift */ = {isa = PBXFileReference; lastKnownFileType = sourcecode.swift; path = GitRepoResult.swift; sourceTree = "<group>"; };
		506CB6E727537F9F00CF2A6E /* RSProtocol.swift.swift */ = {isa = PBXFileReference; lastKnownFileType = sourcecode.swift; path = RSProtocol.swift.swift; sourceTree = "<group>"; };
		5070B09027572A1400D23A75 /* CommitFilterSheet.swift */ = {isa = PBXFileReference; lastKnownFileType = sourcecode.swift; path = CommitFilterSheet.swift; sourceTree = "<group>"; };
		5070B09227572C4E00D23A75 /* CommitFilter.swift */ = {isa = PBXFileReference; lastKnownFileType = sourcecode.swift; path = CommitFilter.swift; sourceTree = "<group>"; };
		50742543275BAE3B006B5354 /* User.swift */ = {isa = PBXFileReference; lastKnownFileType = sourcecode.swift; path = User.swift; sourceTree = "<group>"; };
		50742547275BB0E4006B5354 /* UserDefault.swift.swift */ = {isa = PBXFileReference; lastKnownFileType = sourcecode.swift; path = UserDefault.swift.swift; sourceTree = "<group>"; };
		507528E92753510B001F373E /* GitLog.swift */ = {isa = PBXFileReference; lastKnownFileType = sourcecode.swift; path = GitLog.swift; sourceTree = "<group>"; };
		507528ED27535BE2001F373E /* GitDiff.swift */ = {isa = PBXFileReference; lastKnownFileType = sourcecode.swift; path = GitDiff.swift; sourceTree = "<group>"; };
		507528EF27535C23001F373E /* SourceLanguage.swift */ = {isa = PBXFileReference; lastKnownFileType = sourcecode.swift; path = SourceLanguage.swift; sourceTree = "<group>"; };
		50802D6B2D11347E00694021 /* main.swift */ = {isa = PBXFileReference; lastKnownFileType = sourcecode.swift; path = main.swift; sourceTree = "<group>"; };
		50802D702D11379100694021 /* Localizable.xcstrings */ = {isa = PBXFileReference; lastKnownFileType = text.json.xcstrings; path = Localizable.xcstrings; sourceTree = "<group>"; };
		50802D722D11379600694021 /* InfoPlist.xcstrings */ = {isa = PBXFileReference; lastKnownFileType = text.json.xcstrings; path = InfoPlist.xcstrings; sourceTree = "<group>"; };
		50802D742D1147B800694021 /* Avatar.png */ = {isa = PBXFileReference; lastKnownFileType = image.png; path = Avatar.png; sourceTree = "<group>"; };
		5083A0B9275279A900BDF048 /* ConfigEmailSheet.swift */ = {isa = PBXFileReference; lastKnownFileType = sourcecode.swift; path = ConfigEmailSheet.swift; sourceTree = "<group>"; };
		5085B2542D1157AF00A35814 /* EmbedGit.sh */ = {isa = PBXFileReference; lastKnownFileType = text.script.sh; path = EmbedGit.sh; sourceTree = "<group>"; };
		5085B8F72D115C0000A35814 /* Entitlements-Subprocess.entitlements */ = {isa = PBXFileReference; lastKnownFileType = text.plist.entitlements; path = "Entitlements-Subprocess.entitlements"; sourceTree = "<group>"; };
		5085BA532D11645800A35814 /* GitBuild */ = {isa = PBXFileReference; lastKnownFileType = folder; name = GitBuild; path = Git/GitBuild; sourceTree = SOURCE_ROOT; };
		5090713A275223DF002D2C14 /* GitLabApi.swift */ = {isa = PBXFileReference; lastKnownFileType = sourcecode.swift; path = GitLabApi.swift; sourceTree = "<group>"; };
		5090713C27523242002D2C14 /* SourcePackage.swift.swift */ = {isa = PBXFileReference; lastKnownFileType = sourcecode.swift; path = SourcePackage.swift.swift; sourceTree = "<group>"; };
		5090713F2752337C002D2C14 /* NavigatorView.swift */ = {isa = PBXFileReference; lastKnownFileType = sourcecode.swift; path = NavigatorView.swift; sourceTree = "<group>"; };
		50907141275233A7002D2C14 /* ResultPackage.swift */ = {isa = PBXFileReference; lastKnownFileType = sourcecode.swift; path = ResultPackage.swift; sourceTree = "<group>"; };
		50907143275233FE002D2C14 /* ResultView.swift */ = {isa = PBXFileReference; lastKnownFileType = sourcecode.swift; path = ResultView.swift; sourceTree = "<group>"; };
		509071452752340B002D2C14 /* AnalysisView.swift */ = {isa = PBXFileReference; lastKnownFileType = sourcecode.swift; path = AnalysisView.swift; sourceTree = "<group>"; };
		5090714727523992002D2C14 /* AuxiliaryExecute.swift */ = {isa = PBXFileReference; lastKnownFileType = sourcecode.swift; path = AuxiliaryExecute.swift; sourceTree = "<group>"; };
		5090715F275252A0002D2C14 /* RepoAnalyser.swift */ = {isa = PBXFileReference; lastKnownFileType = sourcecode.swift; path = RepoAnalyser.swift; sourceTree = "<group>"; };
		50A8C3F42751143A00C545BC /* TextTypeEffectView.swift */ = {isa = PBXFileReference; lastKnownFileType = sourcecode.swift; path = TextTypeEffectView.swift; sourceTree = "<group>"; };
		50A8C3F82751222900C545BC /* MainSheet.swift */ = {isa = PBXFileReference; lastKnownFileType = sourcecode.swift; path = MainSheet.swift; sourceTree = "<group>"; };
		50A8C3FA2751240C00C545BC /* SheetTemplate.swift */ = {isa = PBXFileReference; lastKnownFileType = sourcecode.swift; path = SheetTemplate.swift; sourceTree = "<group>"; };
		50A8C400275126C100C545BC /* Info.plist */ = {isa = PBXFileReference; fileEncoding = 4; lastKnownFileType = text.plist.xml; path = Info.plist; sourceTree = "<group>"; };
		50B18D962753B29C00293163 /* CodeTiles.swift */ = {isa = PBXFileReference; lastKnownFileType = sourcecode.swift; path = CodeTiles.swift; sourceTree = "<group>"; };
		50B18D982753B3AD00293163 /* RS0.swift */ = {isa = PBXFileReference; lastKnownFileType = sourcecode.swift; path = RS0.swift; sourceTree = "<group>"; };
		50BAB6D6275A446E00409089 /* BitbucketApi.swift */ = {isa = PBXFileReference; lastKnownFileType = sourcecode.swift; path = BitbucketApi.swift; sourceTree = "<group>"; };
		50BAB6D8275A44C700409089 /* BitbucketSheet.swift */ = {isa = PBXFileReference; lastKnownFileType = sourcecode.swift; path = BitbucketSheet.swift; sourceTree = "<group>"; };
		50DC0FCE2755DA320014E94E /* RS8.swift */ = {isa = PBXFileReference; lastKnownFileType = sourcecode.swift; path = RS8.swift; sourceTree = "<group>"; };
		50DF1107275674F2003FF552 /* sha256sum.swift */ = {isa = PBXFileReference; lastKnownFileType = sourcecode.swift; path = sha256sum.swift; sourceTree = "<group>"; };
		50E3A98E27512D88003CBE07 /* Exts.swift */ = {isa = PBXFileReference; lastKnownFileType = sourcecode.swift; path = Exts.swift; sourceTree = "<group>"; };
		50E3A99127513266003CBE07 /* PickSourceSheet.swift */ = {isa = PBXFileReference; lastKnownFileType = sourcecode.swift; path = PickSourceSheet.swift; sourceTree = "<group>"; };
		50E3A99327513279003CBE07 /* LocalRepoSheet.swift */ = {isa = PBXFileReference; lastKnownFileType = sourcecode.swift; path = LocalRepoSheet.swift; sourceTree = "<group>"; };
		50E3A995275132C7003CBE07 /* GitHubRepoSheet.swift */ = {isa = PBXFileReference; lastKnownFileType = sourcecode.swift; path = GitHubRepoSheet.swift; sourceTree = "<group>"; };
		50E3A997275132CF003CBE07 /* GitLabRepoSheet.swift */ = {isa = PBXFileReference; lastKnownFileType = sourcecode.swift; path = GitLabRepoSheet.swift; sourceTree = "<group>"; };
		50E3A9992751331B003CBE07 /* SourceRegister.swift */ = {isa = PBXFileReference; lastKnownFileType = sourcecode.swift; path = SourceRegister.swift; sourceTree = "<group>"; };
		50E5007E275C7C33003E6C9A /* GitHubApi.swift */ = {isa = PBXFileReference; lastKnownFileType = sourcecode.swift; path = GitHubApi.swift; sourceTree = "<group>"; };
		50E50080275C7C84003E6C9A /* ApiProtocol.swift */ = {isa = PBXFileReference; lastKnownFileType = sourcecode.swift; path = ApiProtocol.swift; sourceTree = "<group>"; };
		50EB62BA275508E700F6E6FF /* ThanksView.swift */ = {isa = PBXFileReference; lastKnownFileType = sourcecode.swift; path = ThanksView.swift; sourceTree = "<group>"; };
		50FD1001275101D80090EAFB /* MyYearWithGit.app */ = {isa = PBXFileReference; explicitFileType = wrapper.application; includeInIndex = 0; path = MyYearWithGit.app; sourceTree = BUILT_PRODUCTS_DIR; };
		50FD1004275101D80090EAFB /* App.swift */ = {isa = PBXFileReference; lastKnownFileType = sourcecode.swift; path = App.swift; sourceTree = "<group>"; };
		50FD1006275101D80090EAFB /* MainView.swift */ = {isa = PBXFileReference; lastKnownFileType = sourcecode.swift; path = MainView.swift; sourceTree = "<group>"; };
		50FD1008275101D90090EAFB /* Assets.xcassets */ = {isa = PBXFileReference; lastKnownFileType = folder.assetcatalog; path = Assets.xcassets; sourceTree = "<group>"; };
		50FD100D275101D90090EAFB /* Entitlements.entitlements */ = {isa = PBXFileReference; lastKnownFileType = text.plist.entitlements; path = Entitlements.entitlements; sourceTree = "<group>"; };
		FAA2B69027529057008A21E8 /* TextIncrementEffectView.swift */ = {isa = PBXFileReference; lastKnownFileType = sourcecode.swift; path = TextIncrementEffectView.swift; sourceTree = "<group>"; };
/* End PBXFileReference section */

/* Begin PBXFrameworksBuildPhase section */
		50FD0FFE275101D80090EAFB /* Frameworks */ = {
			isa = PBXFrameworksBuildPhase;
			buildActionMask = 2147483647;
			files = (
				50802D6A2D11343E00694021 /* OctoKit in Frameworks */,
				50802D6F2D1135BF00694021 /* MarkdownUI in Frameworks */,
				509071382752123A002D2C14 /* OctoKit in Frameworks */,
				50802D672D1133F600694021 /* AuxiliaryExecute in Frameworks */,
				50EA933E278C09570059EF8B /* AuxiliaryExecute in Frameworks */,
				50720BEA2B2A2120004A2B8D /* ColorfulX in Frameworks */,
				50802D642D1133EC00694021 /* ColorfulX in Frameworks */,
			);
			runOnlyForDeploymentPostprocessing = 0;
		};
/* End PBXFrameworksBuildPhase section */

/* Begin PBXGroup section */
		50572E8B294C1DD0004BC0C6 /* App */ = {
			isa = PBXGroup;
			children = (
				50802D6B2D11347E00694021 /* main.swift */,
				50FD1004275101D80090EAFB /* App.swift */,
				50572E8C294C1DD7004BC0C6 /* Hooker.m */,
				50FD1008275101D90090EAFB /* Assets.xcassets */,
				50802D742D1147B800694021 /* Avatar.png */,
				50802D702D11379100694021 /* Localizable.xcstrings */,
				50802D722D11379600694021 /* InfoPlist.xcstrings */,
			);
			path = App;
			sourceTree = "<group>";
		};
		506CB6E627537CE000CF2A6E /* ResultPackage */ = {
			isa = PBXGroup;
			children = (
				506CB6E727537F9F00CF2A6E /* RSProtocol.swift.swift */,
				50907141275233A7002D2C14 /* ResultPackage.swift */,
				501B04992754DFAC0077C8FB /* DicCounter.swift */,
				50B18D982753B3AD00293163 /* RS0.swift */,
				501B048C2754A1BB0077C8FB /* RS1.swift */,
				501B048E2754AE450077C8FB /* RS2.swift */,
				501B04952754D2F50077C8FB /* RS3.swift */,
				501B04972754DF100077C8FB /* RS4.swift */,
				501B049B2754E8180077C8FB /* RS5.swift */,
				501B049D2754F9680077C8FB /* RS6.swift */,
				501B049F275503040077C8FB /* RS7.swift */,
				50DC0FCE2755DA320014E94E /* RS8.swift */,
			);
			path = ResultPackage;
			sourceTree = "<group>";
		};
		506CB6E92753813B00CF2A6E /* Generic */ = {
			isa = PBXGroup;
			children = (
				50FD1006275101D80090EAFB /* MainView.swift */,
				509071452752340B002D2C14 /* AnalysisView.swift */,
				50907143275233FE002D2C14 /* ResultView.swift */,
				50EB62BA275508E700F6E6FF /* ThanksView.swift */,
			);
			path = Generic;
			sourceTree = "<group>";
		};
		507528EB27535BC7001F373E /* Analyser */ = {
			isa = PBXGroup;
			children = (
				5090715F275252A0002D2C14 /* RepoAnalyser.swift */,
				5070B09227572C4E00D23A75 /* CommitFilter.swift */,
				5036504C27546B56007B4B72 /* DictionaryBuilder.swift */,
				506CB6E427537ABE00CF2A6E /* GitRepoResult.swift */,
				507528E92753510B001F373E /* GitLog.swift */,
				507528ED27535BE2001F373E /* GitDiff.swift */,
			);
			path = Analyser;
			sourceTree = "<group>";
		};
		507528EC27535BD1001F373E /* Generic */ = {
			isa = PBXGroup;
			children = (
				50E3A98E27512D88003CBE07 /* Exts.swift */,
				50742543275BAE3B006B5354 /* User.swift */,
				50E3A9992751331B003CBE07 /* SourceRegister.swift */,
				507528EF27535C23001F373E /* SourceLanguage.swift */,
				5090713C27523242002D2C14 /* SourcePackage.swift.swift */,
				5090714727523992002D2C14 /* AuxiliaryExecute.swift */,
				50742547275BB0E4006B5354 /* UserDefault.swift.swift */,
			);
			path = Generic;
			sourceTree = "<group>";
		};
		5085B2552D1157AF00A35814 /* Git */ = {
			isa = PBXGroup;
			children = (
				5085BA532D11645800A35814 /* GitBuild */,
				5085B2542D1157AF00A35814 /* EmbedGit.sh */,
			);
			path = Git;
			sourceTree = "<group>";
		};
		50907139275223D6002D2C14 /* Api */ = {
			isa = PBXGroup;
			children = (
				50E50080275C7C84003E6C9A /* ApiProtocol.swift */,
				50E5007E275C7C33003E6C9A /* GitHubApi.swift */,
				5090713A275223DF002D2C14 /* GitLabApi.swift */,
				50BAB6D6275A446E00409089 /* BitbucketApi.swift */,
			);
			path = Api;
			sourceTree = "<group>";
		};
		5090713E27523367002D2C14 /* Helper */ = {
			isa = PBXGroup;
			children = (
				50B18D962753B29C00293163 /* CodeTiles.swift */,
				50A8C3FA2751240C00C545BC /* SheetTemplate.swift */,
				50A8C3F42751143A00C545BC /* TextTypeEffectView.swift */,
				FAA2B69027529057008A21E8 /* TextIncrementEffectView.swift */,
				50DF1107275674F2003FF552 /* sha256sum.swift */,
			);
			path = Helper;
			sourceTree = "<group>";
		};
		5096DBC62751031A007AA4C7 /* Frameworks */ = {
			isa = PBXGroup;
			children = (
			);
			name = Frameworks;
			sourceTree = "<group>";
		};
		50E3A98C27512D70003CBE07 /* View */ = {
			isa = PBXGroup;
			children = (
				5090713F2752337C002D2C14 /* NavigatorView.swift */,
				506CB6E92753813B00CF2A6E /* Generic */,
				50E3A99027513254003CBE07 /* Configuration */,
				5090713E27523367002D2C14 /* Helper */,
			);
			path = View;
			sourceTree = "<group>";
		};
		50E3A98D27512D74003CBE07 /* Data */ = {
			isa = PBXGroup;
			children = (
				507528EC27535BD1001F373E /* Generic */,
				506CB6E627537CE000CF2A6E /* ResultPackage */,
				507528EB27535BC7001F373E /* Analyser */,
				50907139275223D6002D2C14 /* Api */,
			);
			path = Data;
			sourceTree = "<group>";
		};
		50E3A99027513254003CBE07 /* Configuration */ = {
			isa = PBXGroup;
			children = (
				50A8C3F82751222900C545BC /* MainSheet.swift */,
				50E3A99127513266003CBE07 /* PickSourceSheet.swift */,
				5083A0B9275279A900BDF048 /* ConfigEmailSheet.swift */,
				5070B09027572A1400D23A75 /* CommitFilterSheet.swift */,
				50E3A99327513279003CBE07 /* LocalRepoSheet.swift */,
				50E3A995275132C7003CBE07 /* GitHubRepoSheet.swift */,
				50E3A997275132CF003CBE07 /* GitLabRepoSheet.swift */,
				50BAB6D8275A44C700409089 /* BitbucketSheet.swift */,
			);
			path = Configuration;
			sourceTree = "<group>";
		};
		50FD0FF8275101D80090EAFB = {
			isa = PBXGroup;
			children = (
				50FD1003275101D80090EAFB /* MyYearWithGit */,
				50FD1002275101D80090EAFB /* Products */,
				5096DBC62751031A007AA4C7 /* Frameworks */,
			);
			sourceTree = "<group>";
		};
		50FD1002275101D80090EAFB /* Products */ = {
			isa = PBXGroup;
			children = (
				50FD1001275101D80090EAFB /* MyYearWithGit.app */,
			);
			name = Products;
			sourceTree = "<group>";
		};
		50FD1003275101D80090EAFB /* MyYearWithGit */ = {
			isa = PBXGroup;
			children = (
				50A8C400275126C100C545BC /* Info.plist */,
				50FD100D275101D90090EAFB /* Entitlements.entitlements */,
				5085B8F72D115C0000A35814 /* Entitlements-Subprocess.entitlements */,
				50572E8B294C1DD0004BC0C6 /* App */,
				50E3A98D27512D74003CBE07 /* Data */,
				50E3A98C27512D70003CBE07 /* View */,
				5085B2552D1157AF00A35814 /* Git */,
			);
			path = MyYearWithGit;
			sourceTree = "<group>";
		};
/* End PBXGroup section */

/* Begin PBXNativeTarget section */
		50FD1000275101D80090EAFB /* MyYearWithGit */ = {
			isa = PBXNativeTarget;
			buildConfigurationList = 50FD1010275101D90090EAFB /* Build configuration list for PBXNativeTarget "MyYearWithGit" */;
			buildPhases = (
				50FD0FFD275101D80090EAFB /* Sources */,
				50FD0FFE275101D80090EAFB /* Frameworks */,
				50FD0FFF275101D80090EAFB /* Resources */,
				5085B8F82D115C6200A35814 /* Embed Git */,
			);
			buildRules = (
			);
			dependencies = (
			);
			name = MyYearWithGit;
			packageProductDependencies = (
				509071372752123A002D2C14 /* OctoKit */,
				50EA933D278C09570059EF8B /* AuxiliaryExecute */,
				50720BE92B2A2120004A2B8D /* ColorfulX */,
				50802D632D1133EC00694021 /* ColorfulX */,
				50802D662D1133F600694021 /* AuxiliaryExecute */,
				50802D692D11343E00694021 /* OctoKit */,
				50802D6E2D1135BF00694021 /* MarkdownUI */,
			);
			productName = MyYearWithGit;
			productReference = 50FD1001275101D80090EAFB /* MyYearWithGit.app */;
			productType = "com.apple.product-type.application";
		};
/* End PBXNativeTarget section */

/* Begin PBXProject section */
		50FD0FF9275101D80090EAFB /* Project object */ = {
			isa = PBXProject;
			attributes = {
				BuildIndependentTargetsInParallel = 1;
				LastSwiftUpdateCheck = 1310;
				LastUpgradeCheck = 1610;
				TargetAttributes = {
					50FD1000275101D80090EAFB = {
						CreatedOnToolsVersion = 13.1;
					};
				};
			};
			buildConfigurationList = 50FD0FFC275101D80090EAFB /* Build configuration list for PBXProject "MyYearWithGit" */;
			compatibilityVersion = "Xcode 13.0";
			developmentRegion = "zh-Hans";
			hasScannedForEncodings = 0;
			knownRegions = (
				en,
				Base,
				"zh-Hans",
			);
			mainGroup = 50FD0FF8275101D80090EAFB;
			packageReferences = (
				50802D622D1133EC00694021 /* XCRemoteSwiftPackageReference "ColorfulX" */,
				50802D652D1133F600694021 /* XCRemoteSwiftPackageReference "AuxiliaryExecute" */,
				50802D682D11343E00694021 /* XCRemoteSwiftPackageReference "octokit" */,
				50802D6D2D1135BF00694021 /* XCRemoteSwiftPackageReference "swift-markdown-ui" */,
			);
			productRefGroup = 50FD1002275101D80090EAFB /* Products */;
			projectDirPath = "";
			projectRoot = "";
			targets = (
				50FD1000275101D80090EAFB /* MyYearWithGit */,
			);
		};
/* End PBXProject section */

/* Begin PBXResourcesBuildPhase section */
		50FD0FFF275101D80090EAFB /* Resources */ = {
			isa = PBXResourcesBuildPhase;
			buildActionMask = 2147483647;
			files = (
				50802D752D1147B800694021 /* Avatar.png in Resources */,
				50802D732D11379600694021 /* InfoPlist.xcstrings in Resources */,
				50802D712D11379100694021 /* Localizable.xcstrings in Resources */,
				5085BA542D11645B00A35814 /* GitBuild in Resources */,
				50FD1009275101D90090EAFB /* Assets.xcassets in Resources */,
			);
			runOnlyForDeploymentPostprocessing = 0;
		};
/* End PBXResourcesBuildPhase section */

/* Begin PBXShellScriptBuildPhase section */
		5085B8F82D115C6200A35814 /* Embed Git */ = {
			isa = PBXShellScriptBuildPhase;
			alwaysOutOfDate = 1;
			buildActionMask = 2147483647;
			files = (
			);
			inputFileListPaths = (
			);
			inputPaths = (
			);
			name = "Embed Git";
			outputFileListPaths = (
			);
			outputPaths = (
			);
			runOnlyForDeploymentPostprocessing = 0;
			shellPath = /bin/sh;
			shellScript = "./MyYearWithGit/Git/EmbedGit.sh\n";
		};
/* End PBXShellScriptBuildPhase section */

/* Begin PBXSourcesBuildPhase section */
		50FD0FFD275101D80090EAFB /* Sources */ = {
			isa = PBXSourcesBuildPhase;
			buildActionMask = 2147483647;
			files = (
				506CB6E827537F9F00CF2A6E /* RSProtocol.swift.swift in Sources */,
				5083A0BA275279A900BDF048 /* ConfigEmailSheet.swift in Sources */,
				50A8C3FB2751240C00C545BC /* SheetTemplate.swift in Sources */,
				50907142275233A7002D2C14 /* ResultPackage.swift in Sources */,
				5090713D27523242002D2C14 /* SourcePackage.swift.swift in Sources */,
				50E3A99427513279003CBE07 /* LocalRepoSheet.swift in Sources */,
				5090714827523992002D2C14 /* AuxiliaryExecute.swift in Sources */,
				507528F027535C23001F373E /* SourceLanguage.swift in Sources */,
				50FD1007275101D80090EAFB /* MainView.swift in Sources */,
				50B18D992753B3AD00293163 /* RS0.swift in Sources */,
				50907160275252A0002D2C14 /* RepoAnalyser.swift in Sources */,
				50907144275233FE002D2C14 /* ResultView.swift in Sources */,
				507528EA2753510B001F373E /* GitLog.swift in Sources */,
				50FD1005275101D80090EAFB /* App.swift in Sources */,
				50E5007F275C7C33003E6C9A /* GitHubApi.swift in Sources */,
				50DC0FCF2755DA320014E94E /* RS8.swift in Sources */,
				50802D6C2D11347E00694021 /* main.swift in Sources */,
				501B048D2754A1BB0077C8FB /* RS1.swift in Sources */,
				50E3A99A2751331B003CBE07 /* SourceRegister.swift in Sources */,
				50BAB6D9275A44C700409089 /* BitbucketSheet.swift in Sources */,
				50E3A998275132CF003CBE07 /* GitLabRepoSheet.swift in Sources */,
				50572E8D294C1DD7004BC0C6 /* Hooker.m in Sources */,
				5070B09127572A1400D23A75 /* CommitFilterSheet.swift in Sources */,
				501B04982754DF100077C8FB /* RS4.swift in Sources */,
				501B048F2754AE450077C8FB /* RS2.swift in Sources */,
				506CB6E527537ABE00CF2A6E /* GitRepoResult.swift in Sources */,
				50B18D972753B29C00293163 /* CodeTiles.swift in Sources */,
				50742544275BAE3B006B5354 /* User.swift in Sources */,
				507528EE27535BE2001F373E /* GitDiff.swift in Sources */,
				50BAB6D7275A446E00409089 /* BitbucketApi.swift in Sources */,
				5036504D27546B56007B4B72 /* DictionaryBuilder.swift in Sources */,
				50A8C3F52751143A00C545BC /* TextTypeEffectView.swift in Sources */,
				5090713B275223DF002D2C14 /* GitLabApi.swift in Sources */,
				50E3A99227513266003CBE07 /* PickSourceSheet.swift in Sources */,
				50742548275BB0E4006B5354 /* UserDefault.swift.swift in Sources */,
				50E3A98F27512D88003CBE07 /* Exts.swift in Sources */,
				509071402752337C002D2C14 /* NavigatorView.swift in Sources */,
				5070B09327572C4E00D23A75 /* CommitFilter.swift in Sources */,
				501B04A0275503040077C8FB /* RS7.swift in Sources */,
				509071462752340B002D2C14 /* AnalysisView.swift in Sources */,
				501B04962754D2F50077C8FB /* RS3.swift in Sources */,
				50DF1108275674F2003FF552 /* sha256sum.swift in Sources */,
				50E50081275C7C84003E6C9A /* ApiProtocol.swift in Sources */,
				50EB62BB275508E700F6E6FF /* ThanksView.swift in Sources */,
				50E3A996275132C7003CBE07 /* GitHubRepoSheet.swift in Sources */,
				FAA2B69127529057008A21E8 /* TextIncrementEffectView.swift in Sources */,
				50A8C3F92751222900C545BC /* MainSheet.swift in Sources */,
				501B049A2754DFAC0077C8FB /* DicCounter.swift in Sources */,
				501B049C2754E8180077C8FB /* RS5.swift in Sources */,
				501B049E2754F9680077C8FB /* RS6.swift in Sources */,
			);
			runOnlyForDeploymentPostprocessing = 0;
		};
/* End PBXSourcesBuildPhase section */

/* Begin XCBuildConfiguration section */
		50FD100E275101D90090EAFB /* Debug */ = {
			isa = XCBuildConfiguration;
			buildSettings = {
				ALWAYS_SEARCH_USER_PATHS = NO;
				ASSETCATALOG_COMPILER_GENERATE_SWIFT_ASSET_SYMBOL_EXTENSIONS = YES;
				CLANG_ANALYZER_LOCALIZABILITY_NONLOCALIZED = YES;
				CLANG_ANALYZER_NONNULL = YES;
				CLANG_ANALYZER_NUMBER_OBJECT_CONVERSION = YES_AGGRESSIVE;
				CLANG_CXX_LANGUAGE_STANDARD = "gnu++17";
				CLANG_CXX_LIBRARY = "libc++";
				CLANG_ENABLE_MODULES = YES;
				CLANG_ENABLE_OBJC_ARC = YES;
				CLANG_ENABLE_OBJC_WEAK = YES;
				CLANG_WARN_BLOCK_CAPTURE_AUTORELEASING = YES;
				CLANG_WARN_BOOL_CONVERSION = YES;
				CLANG_WARN_COMMA = YES;
				CLANG_WARN_CONSTANT_CONVERSION = YES;
				CLANG_WARN_DEPRECATED_OBJC_IMPLEMENTATIONS = YES;
				CLANG_WARN_DIRECT_OBJC_ISA_USAGE = YES_ERROR;
				CLANG_WARN_DOCUMENTATION_COMMENTS = YES;
				CLANG_WARN_EMPTY_BODY = YES;
				CLANG_WARN_ENUM_CONVERSION = YES;
				CLANG_WARN_INFINITE_RECURSION = YES;
				CLANG_WARN_INT_CONVERSION = YES;
				CLANG_WARN_NON_LITERAL_NULL_CONVERSION = YES;
				CLANG_WARN_OBJC_IMPLICIT_RETAIN_SELF = YES;
				CLANG_WARN_OBJC_LITERAL_CONVERSION = YES;
				CLANG_WARN_OBJC_ROOT_CLASS = YES_ERROR;
				CLANG_WARN_QUOTED_INCLUDE_IN_FRAMEWORK_HEADER = YES;
				CLANG_WARN_RANGE_LOOP_ANALYSIS = YES;
				CLANG_WARN_STRICT_PROTOTYPES = YES;
				CLANG_WARN_SUSPICIOUS_MOVE = YES;
				CLANG_WARN_UNGUARDED_AVAILABILITY = YES_AGGRESSIVE;
				CLANG_WARN_UNREACHABLE_CODE = YES;
				CLANG_WARN__DUPLICATE_METHOD_MATCH = YES;
				COPY_PHASE_STRIP = NO;
				DEAD_CODE_STRIPPING = YES;
				DEBUG_INFORMATION_FORMAT = dwarf;
				ENABLE_STRICT_OBJC_MSGSEND = YES;
				ENABLE_TESTABILITY = YES;
				ENABLE_USER_SCRIPT_SANDBOXING = YES;
				GCC_C_LANGUAGE_STANDARD = gnu11;
				GCC_DYNAMIC_NO_PIC = NO;
				GCC_NO_COMMON_BLOCKS = YES;
				GCC_OPTIMIZATION_LEVEL = 0;
				GCC_PREPROCESSOR_DEFINITIONS = (
					"DEBUG=1",
					"$(inherited)",
				);
				GCC_WARN_64_TO_32_BIT_CONVERSION = YES;
				GCC_WARN_ABOUT_RETURN_TYPE = YES_ERROR;
				GCC_WARN_UNDECLARED_SELECTOR = YES;
				GCC_WARN_UNINITIALIZED_AUTOS = YES_AGGRESSIVE;
				GCC_WARN_UNUSED_FUNCTION = YES;
				GCC_WARN_UNUSED_VARIABLE = YES;
				MACOSX_DEPLOYMENT_TARGET = 12.0;
				MTL_ENABLE_DEBUG_INFO = INCLUDE_SOURCE;
				MTL_FAST_MATH = YES;
				ONLY_ACTIVE_ARCH = YES;
				SDKROOT = macosx;
				SWIFT_ACTIVE_COMPILATION_CONDITIONS = DEBUG;
				SWIFT_EMIT_LOC_STRINGS = YES;
				SWIFT_OPTIMIZATION_LEVEL = "-Onone";
			};
			name = Debug;
		};
		50FD100F275101D90090EAFB /* Release */ = {
			isa = XCBuildConfiguration;
			buildSettings = {
				ALWAYS_SEARCH_USER_PATHS = NO;
				ASSETCATALOG_COMPILER_GENERATE_SWIFT_ASSET_SYMBOL_EXTENSIONS = YES;
				CLANG_ANALYZER_LOCALIZABILITY_NONLOCALIZED = YES;
				CLANG_ANALYZER_NONNULL = YES;
				CLANG_ANALYZER_NUMBER_OBJECT_CONVERSION = YES_AGGRESSIVE;
				CLANG_CXX_LANGUAGE_STANDARD = "gnu++17";
				CLANG_CXX_LIBRARY = "libc++";
				CLANG_ENABLE_MODULES = YES;
				CLANG_ENABLE_OBJC_ARC = YES;
				CLANG_ENABLE_OBJC_WEAK = YES;
				CLANG_WARN_BLOCK_CAPTURE_AUTORELEASING = YES;
				CLANG_WARN_BOOL_CONVERSION = YES;
				CLANG_WARN_COMMA = YES;
				CLANG_WARN_CONSTANT_CONVERSION = YES;
				CLANG_WARN_DEPRECATED_OBJC_IMPLEMENTATIONS = YES;
				CLANG_WARN_DIRECT_OBJC_ISA_USAGE = YES_ERROR;
				CLANG_WARN_DOCUMENTATION_COMMENTS = YES;
				CLANG_WARN_EMPTY_BODY = YES;
				CLANG_WARN_ENUM_CONVERSION = YES;
				CLANG_WARN_INFINITE_RECURSION = YES;
				CLANG_WARN_INT_CONVERSION = YES;
				CLANG_WARN_NON_LITERAL_NULL_CONVERSION = YES;
				CLANG_WARN_OBJC_IMPLICIT_RETAIN_SELF = YES;
				CLANG_WARN_OBJC_LITERAL_CONVERSION = YES;
				CLANG_WARN_OBJC_ROOT_CLASS = YES_ERROR;
				CLANG_WARN_QUOTED_INCLUDE_IN_FRAMEWORK_HEADER = YES;
				CLANG_WARN_RANGE_LOOP_ANALYSIS = YES;
				CLANG_WARN_STRICT_PROTOTYPES = YES;
				CLANG_WARN_SUSPICIOUS_MOVE = YES;
				CLANG_WARN_UNGUARDED_AVAILABILITY = YES_AGGRESSIVE;
				CLANG_WARN_UNREACHABLE_CODE = YES;
				CLANG_WARN__DUPLICATE_METHOD_MATCH = YES;
				COPY_PHASE_STRIP = NO;
				DEAD_CODE_STRIPPING = YES;
				DEBUG_INFORMATION_FORMAT = "dwarf-with-dsym";
				ENABLE_NS_ASSERTIONS = NO;
				ENABLE_STRICT_OBJC_MSGSEND = YES;
				ENABLE_USER_SCRIPT_SANDBOXING = YES;
				GCC_C_LANGUAGE_STANDARD = gnu11;
				GCC_NO_COMMON_BLOCKS = YES;
				GCC_WARN_64_TO_32_BIT_CONVERSION = YES;
				GCC_WARN_ABOUT_RETURN_TYPE = YES_ERROR;
				GCC_WARN_UNDECLARED_SELECTOR = YES;
				GCC_WARN_UNINITIALIZED_AUTOS = YES_AGGRESSIVE;
				GCC_WARN_UNUSED_FUNCTION = YES;
				GCC_WARN_UNUSED_VARIABLE = YES;
				MACOSX_DEPLOYMENT_TARGET = 12.0;
				MTL_ENABLE_DEBUG_INFO = NO;
				MTL_FAST_MATH = YES;
				SDKROOT = macosx;
				SWIFT_COMPILATION_MODE = wholemodule;
				SWIFT_EMIT_LOC_STRINGS = YES;
				SWIFT_OPTIMIZATION_LEVEL = "-O";
			};
			name = Release;
		};
		50FD1011275101D90090EAFB /* Debug */ = {
			isa = XCBuildConfiguration;
			buildSettings = {
				ASSETCATALOG_COMPILER_APPICON_NAME = AppIcon;
				ASSETCATALOG_COMPILER_GLOBAL_ACCENT_COLOR_NAME = AccentColor;
				CODE_SIGN_ENTITLEMENTS = MyYearWithGit/Entitlements.entitlements;
				CODE_SIGN_IDENTITY = "-";
				"CODE_SIGN_IDENTITY[sdk=macosx*]" = "Apple Development";
				CODE_SIGN_STYLE = Automatic;
				COMBINE_HIDPI_IMAGES = YES;
				CURRENT_PROJECT_VERSION = 2024;
				DEAD_CODE_STRIPPING = YES;
				DEVELOPMENT_ASSET_PATHS = "";
				DEVELOPMENT_TEAM = 964G86XT2P;
				ENABLE_HARDENED_RUNTIME = YES;
				ENABLE_PREVIEWS = YES;
				ENABLE_USER_SCRIPT_SANDBOXING = NO;
				GENERATE_INFOPLIST_FILE = YES;
				INFOPLIST_FILE = MyYearWithGit/Info.plist;
				INFOPLIST_KEY_CFBundleDisplayName = "年度代码";
				INFOPLIST_KEY_LSApplicationCategoryType = "public.app-category.developer-tools";
				INFOPLIST_KEY_NSHumanReadableCopyright = "标准件厂长@砍砍";
				LD_RUNPATH_SEARCH_PATHS = (
					"$(inherited)",
					"@executable_path/../Frameworks",
				);
				MACOSX_DEPLOYMENT_TARGET = 12.0;
				MARKETING_VERSION = 2.2;
				PRODUCT_BUNDLE_IDENTIFIER = wiki.qaq.MyYearWithGit;
				PRODUCT_NAME = "$(TARGET_NAME)";
				SWIFT_EMIT_LOC_STRINGS = YES;
				SWIFT_VERSION = 5.0;
			};
			name = Debug;
		};
		50FD1012275101D90090EAFB /* Release */ = {
			isa = XCBuildConfiguration;
			buildSettings = {
				ASSETCATALOG_COMPILER_APPICON_NAME = AppIcon;
				ASSETCATALOG_COMPILER_GLOBAL_ACCENT_COLOR_NAME = AccentColor;
				CODE_SIGN_ENTITLEMENTS = MyYearWithGit/Entitlements.entitlements;
				CODE_SIGN_IDENTITY = "-";
				"CODE_SIGN_IDENTITY[sdk=macosx*]" = "Apple Development";
				CODE_SIGN_STYLE = Automatic;
				COMBINE_HIDPI_IMAGES = YES;
				CURRENT_PROJECT_VERSION = 2024;
				DEAD_CODE_STRIPPING = YES;
				DEVELOPMENT_ASSET_PATHS = "";
				DEVELOPMENT_TEAM = 964G86XT2P;
				ENABLE_HARDENED_RUNTIME = YES;
				ENABLE_PREVIEWS = YES;
				ENABLE_USER_SCRIPT_SANDBOXING = NO;
				GENERATE_INFOPLIST_FILE = YES;
				INFOPLIST_FILE = MyYearWithGit/Info.plist;
				INFOPLIST_KEY_CFBundleDisplayName = "年度代码";
				INFOPLIST_KEY_LSApplicationCategoryType = "public.app-category.developer-tools";
				INFOPLIST_KEY_NSHumanReadableCopyright = "标准件厂长@砍砍";
				LD_RUNPATH_SEARCH_PATHS = (
					"$(inherited)",
					"@executable_path/../Frameworks",
				);
				MACOSX_DEPLOYMENT_TARGET = 12.0;
				MARKETING_VERSION = 2.2;
				PRODUCT_BUNDLE_IDENTIFIER = wiki.qaq.MyYearWithGit;
				PRODUCT_NAME = "$(TARGET_NAME)";
				SWIFT_EMIT_LOC_STRINGS = YES;
				SWIFT_VERSION = 5.0;
			};
			name = Release;
		};
/* End XCBuildConfiguration section */

/* Begin XCConfigurationList section */
		50FD0FFC275101D80090EAFB /* Build configuration list for PBXProject "MyYearWithGit" */ = {
			isa = XCConfigurationList;
			buildConfigurations = (
				50FD100E275101D90090EAFB /* Debug */,
				50FD100F275101D90090EAFB /* Release */,
			);
			defaultConfigurationIsVisible = 0;
			defaultConfigurationName = Release;
		};
		50FD1010275101D90090EAFB /* Build configuration list for PBXNativeTarget "MyYearWithGit" */ = {
			isa = XCConfigurationList;
			buildConfigurations = (
				50FD1011275101D90090EAFB /* Debug */,
				50FD1012275101D90090EAFB /* Release */,
			);
			defaultConfigurationIsVisible = 0;
			defaultConfigurationName = Release;
		};
/* End XCConfigurationList section */

/* Begin XCRemoteSwiftPackageReference section */
		50802D622D1133EC00694021 /* XCRemoteSwiftPackageReference "ColorfulX" */ = {
			isa = XCRemoteSwiftPackageReference;
			repositoryURL = "https://github.com/Lakr233/ColorfulX";
			requirement = {
				kind = upToNextMajorVersion;
				minimumVersion = 5.5.2;
			};
		};
		50802D652D1133F600694021 /* XCRemoteSwiftPackageReference "AuxiliaryExecute" */ = {
			isa = XCRemoteSwiftPackageReference;
			repositoryURL = "https://github.com/Lakr233/AuxiliaryExecute";
			requirement = {
				kind = upToNextMajorVersion;
				minimumVersion = 2.1.0;
			};
		};
		50802D682D11343E00694021 /* XCRemoteSwiftPackageReference "octokit" */ = {
			isa = XCRemoteSwiftPackageReference;
			repositoryURL = "https://github.com/nerdishbynature/octokit.swift";
			requirement = {
				kind = upToNextMajorVersion;
				minimumVersion = 0.14.0;
			};
		};
		50802D6D2D1135BF00694021 /* XCRemoteSwiftPackageReference "swift-markdown-ui" */ = {
			isa = XCRemoteSwiftPackageReference;
			repositoryURL = "https://github.com/gonzalezreal/swift-markdown-ui";
			requirement = {
				kind = upToNextMajorVersion;
				minimumVersion = 2.4.1;
			};
		};
/* End XCRemoteSwiftPackageReference section */

/* Begin XCSwiftPackageProductDependency section */
		50720BE92B2A2120004A2B8D /* ColorfulX */ = {
			isa = XCSwiftPackageProductDependency;
			productName = ColorfulX;
		};
		50802D632D1133EC00694021 /* ColorfulX */ = {
			isa = XCSwiftPackageProductDependency;
			package = 50802D622D1133EC00694021 /* XCRemoteSwiftPackageReference "ColorfulX" */;
			productName = ColorfulX;
		};
		50802D662D1133F600694021 /* AuxiliaryExecute */ = {
			isa = XCSwiftPackageProductDependency;
			package = 50802D652D1133F600694021 /* XCRemoteSwiftPackageReference "AuxiliaryExecute" */;
			productName = AuxiliaryExecute;
		};
		50802D692D11343E00694021 /* OctoKit */ = {
			isa = XCSwiftPackageProductDependency;
			package = 50802D682D11343E00694021 /* XCRemoteSwiftPackageReference "octokit" */;
			productName = OctoKit;
		};
		50802D6E2D1135BF00694021 /* MarkdownUI */ = {
			isa = XCSwiftPackageProductDependency;
			package = 50802D6D2D1135BF00694021 /* XCRemoteSwiftPackageReference "swift-markdown-ui" */;
			productName = MarkdownUI;
		};
		509071372752123A002D2C14 /* OctoKit */ = {
			isa = XCSwiftPackageProductDependency;
			productName = OctoKit;
		};
		50EA933D278C09570059EF8B /* AuxiliaryExecute */ = {
			isa = XCSwiftPackageProductDependency;
			productName = AuxiliaryExecute;
		};
/* End XCSwiftPackageProductDependency section */
	};
	rootObject = 50FD0FF9275101D80090EAFB /* Project object */;
}
