// !$*UTF8*$!
{
	archiveVersion = 1;
	classes = {
	};
	objectVersion = 56;
	objects = {

/* Begin PBXBuildFile section */
		507FD78E2B1C3F8000E60A46 /* SpringExampleApp.swift in Sources */ = {isa = PBXBuildFile; fileRef = 507FD78D2B1C3F8000E60A46 /* SpringExampleApp.swift */; };
		507FD7902B1C3F8000E60A46 /* ContentView.swift in Sources */ = {isa = PBXBuildFile; fileRef = 507FD78F2B1C3F8000E60A46 /* ContentView.swift */; };
		507FD7922B1C3F8100E60A46 /* Assets.xcassets in Resources */ = {isa = PBXBuildFile; fileRef = 507FD7912B1C3F8100E60A46 /* Assets.xcassets */; };
		507FD7952B1C3F8100E60A46 /* Preview Assets.xcassets in Resources */ = {isa = PBXBuildFile; fileRef = 507FD7942B1C3F8100E60A46 /* Preview Assets.xcassets */; };
		507FD79E2B1C3F9700E60A46 /* SpringInterpolation in Frameworks */ = {isa = PBXBuildFile; productRef = 507FD79D2B1C3F9700E60A46 /* SpringInterpolation */; };
/* End PBXBuildFile section */

/* Begin PBXFileReference section */
		507FD78A2B1C3F8000E60A46 /* SpringExample.app */ = {isa = PBXFileReference; explicitFileType = wrapper.application; includeInIndex = 0; path = SpringExample.app; sourceTree = BUILT_PRODUCTS_DIR; };
		507FD78D2B1C3F8000E60A46 /* SpringExampleApp.swift */ = {isa = PBXFileReference; lastKnownFileType = sourcecode.swift; path = SpringExampleApp.swift; sourceTree = "<group>"; };
		507FD78F2B1C3F8000E60A46 /* ContentView.swift */ = {isa = PBXFileReference; lastKnownFileType = sourcecode.swift; path = ContentView.swift; sourceTree = "<group>"; };
		507FD7912B1C3F8100E60A46 /* Assets.xcassets */ = {isa = PBXFileReference; lastKnownFileType = folder.assetcatalog; path = Assets.xcassets; sourceTree = "<group>"; };
		507FD7942B1C3F8100E60A46 /* Preview Assets.xcassets */ = {isa = PBXFileReference; lastKnownFileType = folder.assetcatalog; path = "Preview Assets.xcassets"; sourceTree = "<group>"; };
		507FD7962B1C3F8100E60A46 /* SpringExample.entitlements */ = {isa = PBXFileReference; lastKnownFileType = text.plist.entitlements; path = SpringExample.entitlements; sourceTree = "<group>"; };
/* End PBXFileReference section */

/* Begin PBXFrameworksBuildPhase section */
		507FD7872B1C3F8000E60A46 /* Frameworks */ = {
			isa = PBXFrameworksBuildPhase;
			buildActionMask = 2147483647;
			files = (
				507FD79E2B1C3F9700E60A46 /* SpringInterpolation in Frameworks */,
			);
			runOnlyForDeploymentPostprocessing = 0;
		};
/* End PBXFrameworksBuildPhase section */

/* Begin PBXGroup section */
		507FD7812B1C3F8000E60A46 = {
			isa = PBXGroup;
			children = (
				507FD78C2B1C3F8000E60A46 /* SpringExample */,
				507FD78B2B1C3F8000E60A46 /* Products */,
				507FD79C2B1C3F9700E60A46 /* Frameworks */,
			);
			sourceTree = "<group>";
		};
		507FD78B2B1C3F8000E60A46 /* Products */ = {
			isa = PBXGroup;
			children = (
				507FD78A2B1C3F8000E60A46 /* SpringExample.app */,
			);
			name = Products;
			sourceTree = "<group>";
		};
		507FD78C2B1C3F8000E60A46 /* SpringExample */ = {
			isa = PBXGroup;
			children = (
				507FD78D2B1C3F8000E60A46 /* SpringExampleApp.swift */,
				507FD78F2B1C3F8000E60A46 /* ContentView.swift */,
				507FD7912B1C3F8100E60A46 /* Assets.xcassets */,
				507FD7962B1C3F8100E60A46 /* SpringExample.entitlements */,
				507FD7932B1C3F8100E60A46 /* Preview Content */,
			);
			path = SpringExample;
			sourceTree = "<group>";
		};
		507FD7932B1C3F8100E60A46 /* Preview Content */ = {
			isa = PBXGroup;
			children = (
				507FD7942B1C3F8100E60A46 /* Preview Assets.xcassets */,
			);
			path = "Preview Content";
			sourceTree = "<group>";
		};
		507FD79C2B1C3F9700E60A46 /* Frameworks */ = {
			isa = PBXGroup;
			children = (
			);
			name = Frameworks;
			sourceTree = "<group>";
		};
/* End PBXGroup section */

/* Begin PBXNativeTarget section */
		507FD7892B1C3F8000E60A46 /* SpringExample */ = {
			isa = PBXNativeTarget;
			buildConfigurationList = 507FD7992B1C3F8100E60A46 /* Build configuration list for PBXNativeTarget "SpringExample" */;
			buildPhases = (
				507FD7862B1C3F8000E60A46 /* Sources */,
				507FD7872B1C3F8000E60A46 /* Frameworks */,
				507FD7882B1C3F8000E60A46 /* Resources */,
			);
			buildRules = (
			);
			dependencies = (
			);
			name = SpringExample;
			packageProductDependencies = (
				507FD79D2B1C3F9700E60A46 /* SpringInterpolation */,
			);
			productName = SpringExample;
			productReference = 507FD78A2B1C3F8000E60A46 /* SpringExample.app */;
			productType = "com.apple.product-type.application";
		};
/* End PBXNativeTarget section */

/* Begin PBXProject section */
		507FD7822B1C3F8000E60A46 /* Project object */ = {
			isa = PBXProject;
			attributes = {
				BuildIndependentTargetsInParallel = 1;
				LastSwiftUpdateCheck = 1510;
				LastUpgradeCheck = 1510;
				TargetAttributes = {
					507FD7892B1C3F8000E60A46 = {
						CreatedOnToolsVersion = 15.1;
					};
				};
			};
			buildConfigurationList = 507FD7852B1C3F8000E60A46 /* Build configuration list for PBXProject "SpringExample" */;
			compatibilityVersion = "Xcode 14.0";
			developmentRegion = en;
			hasScannedForEncodings = 0;
			knownRegions = (
				en,
				Base,
			);
			mainGroup = 507FD7812B1C3F8000E60A46;
			productRefGroup = 507FD78B2B1C3F8000E60A46 /* Products */;
			projectDirPath = "";
			projectRoot = "";
			targets = (
				507FD7892B1C3F8000E60A46 /* SpringExample */,
			);
		};
/* End PBXProject section */

/* Begin PBXResourcesBuildPhase section */
		507FD7882B1C3F8000E60A46 /* Resources */ = {
			isa = PBXResourcesBuildPhase;
			buildActionMask = 2147483647;
			files = (
				507FD7952B1C3F8100E60A46 /* Preview Assets.xcassets in Resources */,
				507FD7922B1C3F8100E60A46 /* Assets.xcassets in Resources */,
			);
			runOnlyForDeploymentPostprocessing = 0;
		};
/* End PBXResourcesBuildPhase section */

/* Begin PBXSourcesBuildPhase section */
		507FD7862B1C3F8000E60A46 /* Sources */ = {
			isa = PBXSourcesBuildPhase;
			buildActionMask = 2147483647;
			files = (
				507FD7902B1C3F8000E60A46 /* ContentView.swift in Sources */,
				507FD78E2B1C3F8000E60A46 /* SpringExampleApp.swift in Sources */,
			);
			runOnlyForDeploymentPostprocessing = 0;
		};
/* End PBXSourcesBuildPhase section */

/* Begin XCBuildConfiguration section */
		507FD7972B1C3F8100E60A46 /* Debug */ = {
			isa = XCBuildConfiguration;
			buildSettings = {
				ALWAYS_SEARCH_USER_PATHS = NO;
				ASSETCATALOG_COMPILER_GENERATE_SWIFT_ASSET_SYMBOL_EXTENSIONS = YES;
				CLANG_ANALYZER_NONNULL = YES;
				CLANG_ANALYZER_NUMBER_OBJECT_CONVERSION = YES_AGGRESSIVE;
				CLANG_CXX_LANGUAGE_STANDARD = "gnu++20";
				CLANG_ENABLE_MODULES = YES;
				CLANG_ENABLE_OBJC_ARC = YES;
				CLANG_ENABLE_OBJC_WEAK = YES;
				CLANG_WARN_BLOCK_CAPTURE_AUTORELEASING = YES;
				CLANG_WARN_BOOL_CONVERSION = YES;
				CLANG_WARN_COMMA = YES;
				CLANG_WARN_CONSTANT_CONVERSION = YES;
				CLANG_WARN_DEPRECATED_OBJC_IMPLEMENTATIONS = YES;
				CLANG_WARN_DIRECT_OBJC_ISA_USAGE = YES_ERROR;
				CLANG_WARN_DOCUMENTATION_COMMENTS = YES;
				CLANG_WARN_EMPTY_BODY = YES;
				CLANG_WARN_ENUM_CONVERSION = YES;
				CLANG_WARN_INFINITE_RECURSION = YES;
				CLANG_WARN_INT_CONVERSION = YES;
				CLANG_WARN_NON_LITERAL_NULL_CONVERSION = YES;
				CLANG_WARN_OBJC_IMPLICIT_RETAIN_SELF = YES;
				CLANG_WARN_OBJC_LITERAL_CONVERSION = YES;
				CLANG_WARN_OBJC_ROOT_CLASS = YES_ERROR;
				CLANG_WARN_QUOTED_INCLUDE_IN_FRAMEWORK_HEADER = YES;
				CLANG_WARN_RANGE_LOOP_ANALYSIS = YES;
				CLANG_WARN_STRICT_PROTOTYPES = YES;
				CLANG_WARN_SUSPICIOUS_MOVE = YES;
				CLANG_WARN_UNGUARDED_AVAILABILITY = YES_AGGRESSIVE;
				CLANG_WARN_UNREACHABLE_CODE = YES;
				CLANG_WARN__DUPLICATE_METHOD_MATCH = YES;
				COPY_PHASE_STRIP = NO;
				DEBUG_INFORMATION_FORMAT = dwarf;
				ENABLE_STRICT_OBJC_MSGSEND = YES;
				ENABLE_TESTABILITY = YES;
				ENABLE_USER_SCRIPT_SANDBOXING = YES;
				GCC_C_LANGUAGE_STANDARD = gnu17;
				GCC_DYNAMIC_NO_PIC = NO;
				GCC_NO_COMMON_BLOCKS = YES;
				GCC_OPTIMIZATION_LEVEL = 0;
				GCC_PREPROCESSOR_DEFINITIONS = (
					"DEBUG=1",
					"$(inherited)",
				);
				GCC_WARN_64_TO_32_BIT_CONVERSION = YES;
				GCC_WARN_ABOUT_RETURN_TYPE = YES_ERROR;
				GCC_WARN_UNDECLARED_SELECTOR = YES;
				GCC_WARN_UNINITIALIZED_AUTOS = YES_AGGRESSIVE;
				GCC_WARN_UNUSED_FUNCTION = YES;
				GCC_WARN_UNUSED_VARIABLE = YES;
				LOCALIZATION_PREFERS_STRING_CATALOGS = YES;
				MACOSX_DEPLOYMENT_TARGET = 14.1;
				MTL_ENABLE_DEBUG_INFO = INCLUDE_SOURCE;
				MTL_FAST_MATH = YES;
				ONLY_ACTIVE_ARCH = YES;
				SDKROOT = macosx;
				SWIFT_ACTIVE_COMPILATION_CONDITIONS = "DEBUG $(inherited)";
				SWIFT_OPTIMIZATION_LEVEL = "-Onone";
			};
			name = Debug;
		};
		507FD7982B1C3F8100E60A46 /* Release */ = {
			isa = XCBuildConfiguration;
			buildSettings = {
				ALWAYS_SEARCH_USER_PATHS = NO;
				ASSETCATALOG_COMPILER_GENERATE_SWIFT_ASSET_SYMBOL_EXTENSIONS = YES;
				CLANG_ANALYZER_NONNULL = YES;
				CLANG_ANALYZER_NUMBER_OBJECT_CONVERSION = YES_AGGRESSIVE;
				CLANG_CXX_LANGUAGE_STANDARD = "gnu++20";
				CLANG_ENABLE_MODULES = YES;
				CLANG_ENABLE_OBJC_ARC = YES;
				CLANG_ENABLE_OBJC_WEAK = YES;
				CLANG_WARN_BLOCK_CAPTURE_AUTORELEASING = YES;
				CLANG_WARN_BOOL_CONVERSION = YES;
				CLANG_WARN_COMMA = YES;
				CLANG_WARN_CONSTANT_CONVERSION = YES;
				CLANG_WARN_DEPRECATED_OBJC_IMPLEMENTATIONS = YES;
				CLANG_WARN_DIRECT_OBJC_ISA_USAGE = YES_ERROR;
				CLANG_WARN_DOCUMENTATION_COMMENTS = YES;
				CLANG_WARN_EMPTY_BODY = YES;
				CLANG_WARN_ENUM_CONVERSION = YES;
				CLANG_WARN_INFINITE_RECURSION = YES;
				CLANG_WARN_INT_CONVERSION = YES;
				CLANG_WARN_NON_LITERAL_NULL_CONVERSION = YES;
				CLANG_WARN_OBJC_IMPLICIT_RETAIN_SELF = YES;
				CLANG_WARN_OBJC_LITERAL_CONVERSION = YES;
				CLANG_WARN_OBJC_ROOT_CLASS = YES_ERROR;
				CLANG_WARN_QUOTED_INCLUDE_IN_FRAMEWORK_HEADER = YES;
				CLANG_WARN_RANGE_LOOP_ANALYSIS = YES;
				CLANG_WARN_STRICT_PROTOTYPES = YES;
				CLANG_WARN_SUSPICIOUS_MOVE = YES;
				CLANG_WARN_UNGUARDED_AVAILABILITY = YES_AGGRESSIVE;
				CLANG_WARN_UNREACHABLE_CODE = YES;
				CLANG_WARN__DUPLICATE_METHOD_MATCH = YES;
				COPY_PHASE_STRIP = NO;
				DEBUG_INFORMATION_FORMAT = "dwarf-with-dsym";
				ENABLE_NS_ASSERTIONS = NO;
				ENABLE_STRICT_OBJC_MSGSEND = YES;
				ENABLE_USER_SCRIPT_SANDBOXING = YES;
				GCC_C_LANGUAGE_STANDARD = gnu17;
				GCC_NO_COMMON_BLOCKS = YES;
				GCC_WARN_64_TO_32_BIT_CONVERSION = YES;
				GCC_WARN_ABOUT_RETURN_TYPE = YES_ERROR;
				GCC_WARN_UNDECLARED_SELECTOR = YES;
				GCC_WARN_UNINITIALIZED_AUTOS = YES_AGGRESSIVE;
				GCC_WARN_UNUSED_FUNCTION = YES;
				GCC_WARN_UNUSED_VARIABLE = YES;
				LOCALIZATION_PREFERS_STRING_CATALOGS = YES;
				MACOSX_DEPLOYMENT_TARGET = 14.1;
				MTL_ENABLE_DEBUG_INFO = NO;
				MTL_FAST_MATH = YES;
				SDKROOT = macosx;
				SWIFT_COMPILATION_MODE = wholemodule;
			};
			name = Release;
		};
		507FD79A2B1C3F8100E60A46 /* Debug */ = {
			isa = XCBuildConfiguration;
			buildSettings = {
				ASSETCATALOG_COMPILER_APPICON_NAME = AppIcon;
				ASSETCATALOG_COMPILER_GLOBAL_ACCENT_COLOR_NAME = AccentColor;
				CODE_SIGN_ENTITLEMENTS = SpringExample/SpringExample.entitlements;
				CODE_SIGN_STYLE = Automatic;
				COMBINE_HIDPI_IMAGES = YES;
				CURRENT_PROJECT_VERSION = 1;
				DEVELOPMENT_ASSET_PATHS = "\"SpringExample/Preview Content\"";
				DEVELOPMENT_TEAM = 6CMYQQFFT8;
				ENABLE_HARDENED_RUNTIME = YES;
				ENABLE_PREVIEWS = YES;
				GENERATE_INFOPLIST_FILE = YES;
				INFOPLIST_KEY_NSHumanReadableCopyright = "";
				LD_RUNPATH_SEARCH_PATHS = (
					"$(inherited)",
					"@executable_path/../Frameworks",
				);
				MARKETING_VERSION = 1.0;
				PRODUCT_BUNDLE_IDENTIFIER = wiki.qaq.SpringExample;
				PRODUCT_NAME = "$(TARGET_NAME)";
				SWIFT_EMIT_LOC_STRINGS = YES;
				SWIFT_VERSION = 5.0;
			};
			name = Debug;
		};
		507FD79B2B1C3F8100E60A46 /* Release */ = {
			isa = XCBuildConfiguration;
			buildSettings = {
				ASSETCATALOG_COMPILER_APPICON_NAME = AppIcon;
				ASSETCATALOG_COMPILER_GLOBAL_ACCENT_COLOR_NAME = AccentColor;
				CODE_SIGN_ENTITLEMENTS = SpringExample/SpringExample.entitlements;
				CODE_SIGN_STYLE = Automatic;
				COMBINE_HIDPI_IMAGES = YES;
				CURRENT_PROJECT_VERSION = 1;
				DEVELOPMENT_ASSET_PATHS = "\"SpringExample/Preview Content\"";
				DEVELOPMENT_TEAM = 6CMYQQFFT8;
				ENABLE_HARDENED_RUNTIME = YES;
				ENABLE_PREVIEWS = YES;
				GENERATE_INFOPLIST_FILE = YES;
				INFOPLIST_KEY_NSHumanReadableCopyright = "";
				LD_RUNPATH_SEARCH_PATHS = (
					"$(inherited)",
					"@executable_path/../Frameworks",
				);
				MARKETING_VERSION = 1.0;
				PRODUCT_BUNDLE_IDENTIFIER = wiki.qaq.SpringExample;
				PRODUCT_NAME = "$(TARGET_NAME)";
				SWIFT_EMIT_LOC_STRINGS = YES;
				SWIFT_VERSION = 5.0;
			};
			name = Release;
		};
/* End XCBuildConfiguration section */

/* Begin XCConfigurationList section */
		507FD7852B1C3F8000E60A46 /* Build configuration list for PBXProject "SpringExample" */ = {
			isa = XCConfigurationList;
			buildConfigurations = (
				507FD7972B1C3F8100E60A46 /* Debug */,
				507FD7982B1C3F8100E60A46 /* Release */,
			);
			defaultConfigurationIsVisible = 0;
			defaultConfigurationName = Release;
		};
		507FD7992B1C3F8100E60A46 /* Build configuration list for PBXNativeTarget "SpringExample" */ = {
			isa = XCConfigurationList;
			buildConfigurations = (
				507FD79A2B1C3F8100E60A46 /* Debug */,
				507FD79B2B1C3F8100E60A46 /* Release */,
			);
			defaultConfigurationIsVisible = 0;
			defaultConfigurationName = Release;
		};
/* End XCConfigurationList section */

/* Begin XCSwiftPackageProductDependency section */
		507FD79D2B1C3F9700E60A46 /* SpringInterpolation */ = {
			isa = XCSwiftPackageProductDependency;
			productName = SpringInterpolation;
		};
/* End XCSwiftPackageProductDependency section */
	};
	rootObject = 507FD7822B1C3F8000E60A46 /* Project object */;
}
